
Microsoft Visual Studio Solution File, Format Version 12.00
# Visual Studio Version 16
VisualStudioVersion = 16.0.31025.194
MinimumVisualStudioVersion = 10.0.40219.1
Project("{9A19103F-16F7-4668-BE54-9A1E7A4F7556}") = "Kata02", "src\Kata02\Kata02\Kata02.csproj", "{628C1BCD-BB92-4840-85D2-2872EA8E501F}"
EndProject
Project("{2150E333-8FDC-42A3-9474-1A3956D46DE8}") = "Solution Items", "Solution Items", "{34C7D3F8-F87D-41DE-8B77-4C2991DF0694}"
	ProjectSection(SolutionItems) = preProject
		.editorconfig = .editorconfig
		.gitignore = .gitignore
		common.props = common.props
		default.ruleset = default.ruleset
		LICENSE = LICENSE
		README.md = README.md
	EndProjectSection
EndProject
Project("{9A19103F-16F7-4668-BE54-9A1E7A4F7556}") = "Kata02.Tests", "src\Kata02\Kata02.Tests\Kata02.Tests.csproj", "{B00A50E5-9610-40F4-90F4-526A558C7272}"
EndProject
Project("{9A19103F-16F7-4668-BE54-9A1E7A4F7556}") = "Kata04", "src\Kata04\Kata04\Kata04.csproj", "{3DE0C2D8-A060-4C3E-AB95-F16E7280B499}"
EndProject
Project("{9A19103F-16F7-4668-BE54-9A1E7A4F7556}") = "Kata04.Tests", "src\Kata04\Kata04.Tests\Kata04.Tests.csproj", "{DED1559C-8B0B-49E5-BEE4-B6D7E1CC11F7}"
EndProject
Project("{9A19103F-16F7-4668-BE54-9A1E7A4F7556}") = "Kata06", "src\Kata06\Kata06\Kata06.csproj", "{3C59C2A5-9C6D-4CAE-BA23-02EE0FCD112D}"
EndProject
Project("{9A19103F-16F7-4668-BE54-9A1E7A4F7556}") = "Kata06.Tests", "src\Kata06\Kata06.Tests\Kata06.Tests.csproj", "{47F39A65-1C54-4515-93EF-CF1EA6BBE53C}"
EndProject
Project("{9A19103F-16F7-4668-BE54-9A1E7A4F7556}") = "Kata08", "src\Kata08\Kata08\Kata08.csproj", "{041F7874-A868-4DA6-B29D-328D9AF4025F}"
EndProject
Project("{9A19103F-16F7-4668-BE54-9A1E7A4F7556}") = "Kata08.Tests", "src\Kata08\Kata08.Tests\Kata08.Tests.csproj", "{FE53E2ED-B22F-440B-925F-DC28824F66F9}"
EndProject
Project("{FAE04EC0-301F-11D3-BF4B-00C04F79EFBC}") = "Kata11", "src\Kata11\Kata11\Kata11.csproj", "{F9022986-0AD9-46D4-AF01-91E1905FB59B}"
EndProject
Project("{FAE04EC0-301F-11D3-BF4B-00C04F79EFBC}") = "Kata11.Tests", "src\Kata11\Kata11.Tests\Kata11.Tests.csproj", "{4208C09C-51B1-4484-95CB-F786BDB796CF}"
EndProject
Global
	GlobalSection(SolutionConfigurationPlatforms) = preSolution
		Debug|Any CPU = Debug|Any CPU
		Release|Any CPU = Release|Any CPU
	EndGlobalSection
	GlobalSection(ProjectConfigurationPlatforms) = postSolution
		{628C1BCD-BB92-4840-85D2-2872EA8E501F}.Debug|Any CPU.ActiveCfg = Debug|Any CPU
		{628C1BCD-BB92-4840-85D2-2872EA8E501F}.Debug|Any CPU.Build.0 = Debug|Any CPU
		{628C1BCD-BB92-4840-85D2-2872EA8E501F}.Release|Any CPU.ActiveCfg = Release|Any CPU
		{628C1BCD-BB92-4840-85D2-2872EA8E501F}.Release|Any CPU.Build.0 = Release|Any CPU
		{B00A50E5-9610-40F4-90F4-526A558C7272}.Debug|Any CPU.ActiveCfg = Debug|Any CPU
		{B00A50E5-9610-40F4-90F4-526A558C7272}.Debug|Any CPU.Build.0 = Debug|Any CPU
		{B00A50E5-9610-40F4-90F4-526A558C7272}.Release|Any CPU.ActiveCfg = Release|Any CPU
		{B00A50E5-9610-40F4-90F4-526A558C7272}.Release|Any CPU.Build.0 = Release|Any CPU
		{3DE0C2D8-A060-4C3E-AB95-F16E7280B499}.Debug|Any CPU.ActiveCfg = Debug|Any CPU
		{3DE0C2D8-A060-4C3E-AB95-F16E7280B499}.Debug|Any CPU.Build.0 = Debug|Any CPU
		{3DE0C2D8-A060-4C3E-AB95-F16E7280B499}.Release|Any CPU.ActiveCfg = Release|Any CPU
		{3DE0C2D8-A060-4C3E-AB95-F16E7280B499}.Release|Any CPU.Build.0 = Release|Any CPU
		{DED1559C-8B0B-49E5-BEE4-B6D7E1CC11F7}.Debug|Any CPU.ActiveCfg = Debug|Any CPU
		{DED1559C-8B0B-49E5-BEE4-B6D7E1CC11F7}.Debug|Any CPU.Build.0 = Debug|Any CPU
		{DED1559C-8B0B-49E5-BEE4-B6D7E1CC11F7}.Release|Any CPU.ActiveCfg = Release|Any CPU
		{DED1559C-8B0B-49E5-BEE4-B6D7E1CC11F7}.Release|Any CPU.Build.0 = Release|Any CPU
		{3C59C2A5-9C6D-4CAE-BA23-02EE0FCD112D}.Debug|Any CPU.ActiveCfg = Debug|Any CPU
		{3C59C2A5-9C6D-4CAE-BA23-02EE0FCD112D}.Debug|Any CPU.Build.0 = Debug|Any CPU
		{3C59C2A5-9C6D-4CAE-BA23-02EE0FCD112D}.Release|Any CPU.ActiveCfg = Release|Any CPU
		{3C59C2A5-9C6D-4CAE-BA23-02EE0FCD112D}.Release|Any CPU.Build.0 = Release|Any CPU
		{47F39A65-1C54-4515-93EF-CF1EA6BBE53C}.Debug|Any CPU.ActiveCfg = Debug|Any CPU
		{47F39A65-1C54-4515-93EF-CF1EA6BBE53C}.Debug|Any CPU.Build.0 = Debug|Any CPU
		{47F39A65-1C54-4515-93EF-CF1EA6BBE53C}.Release|Any CPU.ActiveCfg = Release|Any CPU
		{47F39A65-1C54-4515-93EF-CF1EA6BBE53C}.Release|Any CPU.Build.0 = Release|Any CPU
		{041F7874-A868-4DA6-B29D-328D9AF4025F}.Debug|Any CPU.ActiveCfg = Debug|Any CPU
		{041F7874-A868-4DA6-B29D-328D9AF4025F}.Debug|Any CPU.Build.0 = Debug|Any CPU
		{041F7874-A868-4DA6-B29D-328D9AF4025F}.Release|Any CPU.ActiveCfg = Release|Any CPU
		{041F7874-A868-4DA6-B29D-328D9AF4025F}.Release|Any CPU.Build.0 = Release|Any CPU
		{FE53E2ED-B22F-440B-925F-DC28824F66F9}.Debug|Any CPU.ActiveCfg = Debug|Any CPU
		{FE53E2ED-B22F-440B-925F-DC28824F66F9}.Debug|Any CPU.Build.0 = Debug|Any CPU
		{FE53E2ED-B22F-440B-925F-DC28824F66F9}.Release|Any CPU.ActiveCfg = Release|Any CPU
		{FE53E2ED-B22F-440B-925F-DC28824F66F9}.Release|Any CPU.Build.0 = Release|Any CPU
		{F9022986-0AD9-46D4-AF01-91E1905FB59B}.Debug|Any CPU.ActiveCfg = Debug|Any CPU
		{F9022986-0AD9-46D4-AF01-91E1905FB59B}.Debug|Any CPU.Build.0 = Debug|Any CPU
		{F9022986-0AD9-46D4-AF01-91E1905FB59B}.Release|Any CPU.ActiveCfg = Release|Any CPU
		{F9022986-0AD9-46D4-AF01-91E1905FB59B}.Release|Any CPU.Build.0 = Release|Any CPU
		{4208C09C-51B1-4484-95CB-F786BDB796CF}.Debug|Any CPU.ActiveCfg = Debug|Any CPU
		{4208C09C-51B1-4484-95CB-F786BDB796CF}.Debug|Any CPU.Build.0 = Debug|Any CPU
		{4208C09C-51B1-4484-95CB-F786BDB796CF}.Release|Any CPU.ActiveCfg = Release|Any CPU
		{4208C09C-51B1-4484-95CB-F786BDB796CF}.Release|Any CPU.Build.0 = Release|Any CPU
	EndGlobalSection
	GlobalSection(SolutionProperties) = preSolution
		HideSolutionNode = FALSE
	EndGlobalSection
	GlobalSection(ExtensibilityGlobals) = postSolution
		SolutionGuid = {9CEAED8E-5392-4E2B-A53B-14DD9DA5EB20}
	EndGlobalSection
EndGlobal
